
Microsoft Visual Studio Solution File, Format Version 12.00
# Visual Studio Version 17
VisualStudioVersion = 17.0.31903.59
MinimumVisualStudioVersion = 10.0.40219.1
Project("{2150E333-8FDC-42A3-9474-1A3956D46DE8}") = "src", "src", "{827E0CD3-B72D-47B6-A68D-7590B98EB39B}"
EndProject
Project("{FAE04EC0-301F-11D3-BF4B-00C04F79EFBC}") = "AgentDesk.Core", "src\AgentDesk.Core\AgentDesk.Core.csproj", "{597C9389-148E-4C6D-AD77-3F852FD6D470}"
EndProject
Project("{FAE04EC0-301F-11D3-BF4B-00C04F79EFBC}") = "AgentDesk.Engine", "src\AgentDesk.Engine\AgentDesk.Engine.csproj", "{3FFBAAC6-D71D-47B5-85CA-18C8E8DE68A8}"
EndProject
Project("{FAE04EC0-301F-11D3-BF4B-00C04F79EFBC}") = "AgentDesk.Platform.Windows", "src\AgentDesk.Platform.Windows\AgentDesk.Platform.Windows.csproj", "{CBB99FC2-386D-4FA1-864E-2D402B7B9964}"
EndProject
Project("{2150E333-8FDC-42A3-9474-1A3956D46DE8}") = "tests", "tests", "{0AB3BF05-4346-4AA6-1389-037BE0695223}"
EndProject
Project("{FAE04EC0-301F-11D3-BF4B-00C04F79EFBC}") = "AgentDesk.Core.Tests", "tests\AgentDesk.Core.Tests\AgentDesk.Core.Tests.csproj", "{A3E2CF5B-2E2B-4622-A3BB-E49F8F80A413}"
EndProject
Project("{FAE04EC0-301F-11D3-BF4B-00C04F79EFBC}") = "AgentDesk.Engine.Tests", "tests\AgentDesk.Engine.Tests\AgentDesk.Engine.Tests.csproj", "{0B15916D-358A-4AD6-AEB7-B4406AFCE085}"
EndProject
Project("{FAE04EC0-301F-11D3-BF4B-00C04F79EFBC}") = "AgentDesk.App", "src\AgentDesk.App\AgentDesk.App.csproj", "{D503C9A5-B201-4ECF-A844-C60F61E6AC0F}"
EndProject
Project("{FAE04EC0-301F-11D3-BF4B-00C04F79EFBC}") = "AgentDesk.App.Tests", "tests\AgentDesk.App.Tests\AgentDesk.App.Tests.csproj", "{64E8D476-2641-4C74-8001-9C61C43081E5}"
EndProject
Project("{FAE04EC0-301F-11D3-BF4B-00C04F79EFBC}") = "AgentDesk.Platform.Windows.Tests", "tests\AgentDesk.Platform.Windows.Tests\AgentDesk.Platform.Windows.Tests.csproj", "{B71FE5EC-2B07-4F0D-9788-71BC4A674636}"
EndProject
Project("{FAE04EC0-301F-11D3-BF4B-00C04F79EFBC}") = "AgentDesk.Cloud.Client", "src\AgentDesk.Cloud.Client\AgentDesk.Cloud.Client.csproj", "{F84D7DC2-1B0B-4A12-A2FC-716A4F526471}"
EndProject
Project("{FAE04EC0-301F-11D3-BF4B-00C04F79EFBC}") = "AgentDesk.Cloud.Client.Tests", "tests\AgentDesk.Cloud.Client.Tests\AgentDesk.Cloud.Client.Tests.csproj", "{1A7D3735-548A-44C7-BC2B-65928DF257D7}"
EndProject
Project("{FAE04EC0-301F-11D3-BF4B-00C04F79EFBC}") = "AgentDesk.Cloud.Client.IntegrationTests", "tests\AgentDesk.Cloud.Client.IntegrationTests\AgentDesk.Cloud.Client.IntegrationTests.csproj", "{656D7F93-0133-4DB3-A164-AA792FC3CADB}"
EndProject
Project("{FAE04EC0-301F-11D3-BF4B-00C04F79EFBC}") = "AgentDesk.Cloud", "..\cloud\src\AgentDesk.Cloud\AgentDesk.Cloud.csproj", "{A63FD505-4E7C-4FA7-9921-D4801CEC4A65}"
EndProject
Project("{FAE04EC0-301F-11D3-BF4B-00C04F79EFBC}") = "AgentDesk.Updater.Core", "src\AgentDesk.Updater.Core\AgentDesk.Updater.Core.csproj", "{2BE391D1-2AD1-4D27-88F6-690669DAD648}"
EndProject
Project("{FAE04EC0-301F-11D3-BF4B-00C04F79EFBC}") = "AgentDesk.Updater", "src\AgentDesk.Updater\AgentDesk.Updater.csproj", "{B16EE7C8-E653-4CCB-8B30-984052E82FC6}"
EndProject
Project("{FAE04EC0-301F-11D3-BF4B-00C04F79EFBC}") = "AgentDesk.Updater.Core.Tests", "tests\AgentDesk.Updater.Core.Tests\AgentDesk.Updater.Core.Tests.csproj", "{8531D705-71DA-474A-A391-31EAE35D55B4}"
EndProject
Project("{2150E333-8FDC-42A3-9474-1A3956D46DE8}") = "tools", "tools", "{07C2787E-EAC7-C090-1BA3-A61EC2A24D84}"
EndProject
Project("{FAE04EC0-301F-11D3-BF4B-00C04F79EFBC}") = "AgentDesk.ProviderSmoke", "tools\AgentDesk.ProviderSmoke\AgentDesk.ProviderSmoke.csproj", "{3186AC6B-A5DD-475A-BCC2-220522D55C14}"
EndProject
Project("{FAE04EC0-301F-11D3-BF4B-00C04F79EFBC}") = "AgentDesk.ProviderSmoke.Tests", "tests\AgentDesk.ProviderSmoke.Tests\AgentDesk.ProviderSmoke.Tests.csproj", "{BEC7CA33-0741-4388-B7AB-42F36E087067}"
EndProject
Project("{FAE04EC0-301F-11D3-BF4B-00C04F79EFBC}") = "AgentDesk.ProcessJobLauncher", "tools\AgentDesk.ProcessJobLauncher\AgentDesk.ProcessJobLauncher.csproj", "{A21EC484-0F5F-466B-AAFE-D162FD03CD02}"
EndProject
Project("{FAE04EC0-301F-11D3-BF4B-00C04F79EFBC}") = "AgentDesk.ProcessJobLauncher.Tests", "tests\AgentDesk.ProcessJobLauncher.Tests\AgentDesk.ProcessJobLauncher.Tests.csproj", "{DE3C989F-9CCE-415C-B590-5D330B6B9503}"
EndProject
Global
	GlobalSection(SolutionConfigurationPlatforms) = preSolution
		Debug|Any CPU = Debug|Any CPU
		Debug|ARM64 = Debug|ARM64
		Debug|x64 = Debug|x64
		Debug|x86 = Debug|x86
		Release|Any CPU = Release|Any CPU
		Release|ARM64 = Release|ARM64
		Release|x64 = Release|x64
		Release|x86 = Release|x86
	EndGlobalSection
	GlobalSection(ProjectConfigurationPlatforms) = postSolution
		{597C9389-148E-4C6D-AD77-3F852FD6D470}.Debug|Any CPU.ActiveCfg = Debug|Any CPU
		{597C9389-148E-4C6D-AD77-3F852FD6D470}.Debug|Any CPU.Build.0 = Debug|Any CPU
		{597C9389-148E-4C6D-AD77-3F852FD6D470}.Debug|ARM64.ActiveCfg = Debug|Any CPU
		{597C9389-148E-4C6D-AD77-3F852FD6D470}.Debug|ARM64.Build.0 = Debug|Any CPU
		{597C9389-148E-4C6D-AD77-3F852FD6D470}.Debug|x64.ActiveCfg = Debug|Any CPU
		{597C9389-148E-4C6D-AD77-3F852FD6D470}.Debug|x64.Build.0 = Debug|Any CPU
		{597C9389-148E-4C6D-AD77-3F852FD6D470}.Debug|x86.ActiveCfg = Debug|Any CPU
		{597C9389-148E-4C6D-AD77-3F852FD6D470}.Debug|x86.Build.0 = Debug|Any CPU
		{597C9389-148E-4C6D-AD77-3F852FD6D470}.Release|Any CPU.ActiveCfg = Release|Any CPU
		{597C9389-148E-4C6D-AD77-3F852FD6D470}.Release|Any CPU.Build.0 = Release|Any CPU
		{597C9389-148E-4C6D-AD77-3F852FD6D470}.Release|ARM64.ActiveCfg = Release|Any CPU
		{597C9389-148E-4C6D-AD77-3F852FD6D470}.Release|ARM64.Build.0 = Release|Any CPU
		{597C9389-148E-4C6D-AD77-3F852FD6D470}.Release|x64.ActiveCfg = Release|Any CPU
		{597C9389-148E-4C6D-AD77-3F852FD6D470}.Release|x64.Build.0 = Release|Any CPU
		{597C9389-148E-4C6D-AD77-3F852FD6D470}.Release|x86.ActiveCfg = Release|Any CPU
		{597C9389-148E-4C6D-AD77-3F852FD6D470}.Release|x86.Build.0 = Release|Any CPU
		{3FFBAAC6-D71D-47B5-85CA-18C8E8DE68A8}.Debug|Any CPU.ActiveCfg = Debug|Any CPU
		{3FFBAAC6-D71D-47B5-85CA-18C8E8DE68A8}.Debug|Any CPU.Build.0 = Debug|Any CPU
		{3FFBAAC6-D71D-47B5-85CA-18C8E8DE68A8}.Debug|ARM64.ActiveCfg = Debug|Any CPU
		{3FFBAAC6-D71D-47B5-85CA-18C8E8DE68A8}.Debug|ARM64.Build.0 = Debug|Any CPU
		{3FFBAAC6-D71D-47B5-85CA-18C8E8DE68A8}.Debug|x64.ActiveCfg = Debug|Any CPU
		{3FFBAAC6-D71D-47B5-85CA-18C8E8DE68A8}.Debug|x64.Build.0 = Debug|Any CPU
		{3FFBAAC6-D71D-47B5-85CA-18C8E8DE68A8}.Debug|x86.ActiveCfg = Debug|Any CPU
		{3FFBAAC6-D71D-47B5-85CA-18C8E8DE68A8}.Debug|x86.Build.0 = Debug|Any CPU
		{3FFBAAC6-D71D-47B5-85CA-18C8E8DE68A8}.Release|Any CPU.ActiveCfg = Release|Any CPU
		{3FFBAAC6-D71D-47B5-85CA-18C8E8DE68A8}.Release|Any CPU.Build.0 = Release|Any CPU
		{3FFBAAC6-D71D-47B5-85CA-18C8E8DE68A8}.Release|ARM64.ActiveCfg = Release|Any CPU
		{3FFBAAC6-D71D-47B5-85CA-18C8E8DE68A8}.Release|ARM64.Build.0 = Release|Any CPU
		{3FFBAAC6-D71D-47B5-85CA-18C8E8DE68A8}.Release|x64.ActiveCfg = Release|Any CPU
		{3FFBAAC6-D71D-47B5-85CA-18C8E8DE68A8}.Release|x64.Build.0 = Release|Any CPU
		{3FFBAAC6-D71D-47B5-85CA-18C8E8DE68A8}.Release|x86.ActiveCfg = Release|Any CPU
		{3FFBAAC6-D71D-47B5-85CA-18C8E8DE68A8}.Release|x86.Build.0 = Release|Any CPU
		{CBB99FC2-386D-4FA1-864E-2D402B7B9964}.Debug|Any CPU.ActiveCfg = Debug|Any CPU
		{CBB99FC2-386D-4FA1-864E-2D402B7B9964}.Debug|Any CPU.Build.0 = Debug|Any CPU
		{CBB99FC2-386D-4FA1-864E-2D402B7B9964}.Debug|ARM64.ActiveCfg = Debug|Any CPU
		{CBB99FC2-386D-4FA1-864E-2D402B7B9964}.Debug|ARM64.Build.0 = Debug|Any CPU
		{CBB99FC2-386D-4FA1-864E-2D402B7B9964}.Debug|x64.ActiveCfg = Debug|Any CPU
		{CBB99FC2-386D-4FA1-864E-2D402B7B9964}.Debug|x64.Build.0 = Debug|Any CPU
		{CBB99FC2-386D-4FA1-864E-2D402B7B9964}.Debug|x86.ActiveCfg = Debug|Any CPU
		{CBB99FC2-386D-4FA1-864E-2D402B7B9964}.Debug|x86.Build.0 = Debug|Any CPU
		{CBB99FC2-386D-4FA1-864E-2D402B7B9964}.Release|Any CPU.ActiveCfg = Release|Any CPU
		{CBB99FC2-386D-4FA1-864E-2D402B7B9964}.Release|Any CPU.Build.0 = Release|Any CPU
		{CBB99FC2-386D-4FA1-864E-2D402B7B9964}.Release|ARM64.ActiveCfg = Release|Any CPU
		{CBB99FC2-386D-4FA1-864E-2D402B7B9964}.Release|ARM64.Build.0 = Release|Any CPU
		{CBB99FC2-386D-4FA1-864E-2D402B7B9964}.Release|x64.ActiveCfg = Release|Any CPU
		{CBB99FC2-386D-4FA1-864E-2D402B7B9964}.Release|x64.Build.0 = Release|Any CPU
		{CBB99FC2-386D-4FA1-864E-2D402B7B9964}.Release|x86.ActiveCfg = Release|Any CPU
		{CBB99FC2-386D-4FA1-864E-2D402B7B9964}.Release|x86.Build.0 = Release|Any CPU
		{A3E2CF5B-2E2B-4622-A3BB-E49F8F80A413}.Debug|Any CPU.ActiveCfg = Debug|Any CPU
		{A3E2CF5B-2E2B-4622-A3BB-E49F8F80A413}.Debug|Any CPU.Build.0 = Debug|Any CPU
		{A3E2CF5B-2E2B-4622-A3BB-E49F8F80A413}.Debug|ARM64.ActiveCfg = Debug|Any CPU
		{A3E2CF5B-2E2B-4622-A3BB-E49F8F80A413}.Debug|ARM64.Build.0 = Debug|Any CPU
		{A3E2CF5B-2E2B-4622-A3BB-E49F8F80A413}.Debug|x64.ActiveCfg = Debug|Any CPU
		{A3E2CF5B-2E2B-4622-A3BB-E49F8F80A413}.Debug|x64.Build.0 = Debug|Any CPU
		{A3E2CF5B-2E2B-4622-A3BB-E49F8F80A413}.Debug|x86.ActiveCfg = Debug|Any CPU
		{A3E2CF5B-2E2B-4622-A3BB-E49F8F80A413}.Debug|x86.Build.0 = Debug|Any CPU
		{A3E2CF5B-2E2B-4622-A3BB-E49F8F80A413}.Release|Any CPU.ActiveCfg = Release|Any CPU
		{A3E2CF5B-2E2B-4622-A3BB-E49F8F80A413}.Release|Any CPU.Build.0 = Release|Any CPU
		{A3E2CF5B-2E2B-4622-A3BB-E49F8F80A413}.Release|ARM64.ActiveCfg = Release|Any CPU
		{A3E2CF5B-2E2B-4622-A3BB-E49F8F80A413}.Release|ARM64.Build.0 = Release|Any CPU
		{A3E2CF5B-2E2B-4622-A3BB-E49F8F80A413}.Release|x64.ActiveCfg = Release|Any CPU
		{A3E2CF5B-2E2B-4622-A3BB-E49F8F80A413}.Release|x64.Build.0 = Release|Any CPU
		{A3E2CF5B-2E2B-4622-A3BB-E49F8F80A413}.Release|x86.ActiveCfg = Release|Any CPU
		{A3E2CF5B-2E2B-4622-A3BB-E49F8F80A413}.Release|x86.Build.0 = Release|Any CPU
		{0B15916D-358A-4AD6-AEB7-B4406AFCE085}.Debug|Any CPU.ActiveCfg = Debug|Any CPU
		{0B15916D-358A-4AD6-AEB7-B4406AFCE085}.Debug|Any CPU.Build.0 = Debug|Any CPU
		{0B15916D-358A-4AD6-AEB7-B4406AFCE085}.Debug|ARM64.ActiveCfg = Debug|Any CPU
		{0B15916D-358A-4AD6-AEB7-B4406AFCE085}.Debug|ARM64.Build.0 = Debug|Any CPU
		{0B15916D-358A-4AD6-AEB7-B4406AFCE085}.Debug|x64.ActiveCfg = Debug|Any CPU
		{0B15916D-358A-4AD6-AEB7-B4406AFCE085}.Debug|x64.Build.0 = Debug|Any CPU
		{0B15916D-358A-4AD6-AEB7-B4406AFCE085}.Debug|x86.ActiveCfg = Debug|Any CPU
		{0B15916D-358A-4AD6-AEB7-B4406AFCE085}.Debug|x86.Build.0 = Debug|Any CPU
		{0B15916D-358A-4AD6-AEB7-B4406AFCE085}.Release|Any CPU.ActiveCfg = Release|Any CPU
		{0B15916D-358A-4AD6-AEB7-B4406AFCE085}.Release|Any CPU.Build.0 = Release|Any CPU
		{0B15916D-358A-4AD6-AEB7-B4406AFCE085}.Release|ARM64.ActiveCfg = Release|Any CPU
		{0B15916D-358A-4AD6-AEB7-B4406AFCE085}.Release|ARM64.Build.0 = Release|Any CPU
		{0B15916D-358A-4AD6-AEB7-B4406AFCE085}.Release|x64.ActiveCfg = Release|Any CPU
		{0B15916D-358A-4AD6-AEB7-B4406AFCE085}.Release|x64.Build.0 = Release|Any CPU
		{0B15916D-358A-4AD6-AEB7-B4406AFCE085}.Release|x86.ActiveCfg = Release|Any CPU
		{0B15916D-358A-4AD6-AEB7-B4406AFCE085}.Release|x86.Build.0 = Release|Any CPU
		{D503C9A5-B201-4ECF-A844-C60F61E6AC0F}.Debug|Any CPU.ActiveCfg = Debug|x64
		{D503C9A5-B201-4ECF-A844-C60F61E6AC0F}.Debug|Any CPU.Build.0 = Debug|x64
		{D503C9A5-B201-4ECF-A844-C60F61E6AC0F}.Debug|ARM64.ActiveCfg = Debug|ARM64
		{D503C9A5-B201-4ECF-A844-C60F61E6AC0F}.Debug|ARM64.Build.0 = Debug|ARM64
		{D503C9A5-B201-4ECF-A844-C60F61E6AC0F}.Debug|x64.ActiveCfg = Debug|x64
		{D503C9A5-B201-4ECF-A844-C60F61E6AC0F}.Debug|x64.Build.0 = Debug|x64
		{D503C9A5-B201-4ECF-A844-C60F61E6AC0F}.Debug|x86.ActiveCfg = Debug|x64
		{D503C9A5-B201-4ECF-A844-C60F61E6AC0F}.Debug|x86.Build.0 = Debug|x64
		{D503C9A5-B201-4ECF-A844-C60F61E6AC0F}.Release|Any CPU.ActiveCfg = Release|x64
		{D503C9A5-B201-4ECF-A844-C60F61E6AC0F}.Release|Any CPU.Build.0 = Release|x64
		{D503C9A5-B201-4ECF-A844-C60F61E6AC0F}.Release|ARM64.ActiveCfg = Release|ARM64
		{D503C9A5-B201-4ECF-A844-C60F61E6AC0F}.Release|ARM64.Build.0 = Release|ARM64
		{D503C9A5-B201-4ECF-A844-C60F61E6AC0F}.Release|x64.ActiveCfg = Release|x64
		{D503C9A5-B201-4ECF-A844-C60F61E6AC0F}.Release|x64.Build.0 = Release|x64
		{D503C9A5-B201-4ECF-A844-C60F61E6AC0F}.Release|x86.ActiveCfg = Release|x64
		{D503C9A5-B201-4ECF-A844-C60F61E6AC0F}.Release|x86.Build.0 = Release|x64
		{64E8D476-2641-4C74-8001-9C61C43081E5}.Debug|Any CPU.ActiveCfg = Debug|Any CPU
		{64E8D476-2641-4C74-8001-9C61C43081E5}.Debug|Any CPU.Build.0 = Debug|Any CPU
		{64E8D476-2641-4C74-8001-9C61C43081E5}.Debug|ARM64.ActiveCfg = Debug|Any CPU
		{64E8D476-2641-4C74-8001-9C61C43081E5}.Debug|ARM64.Build.0 = Debug|Any CPU
		{64E8D476-2641-4C74-8001-9C61C43081E5}.Debug|x64.ActiveCfg = Debug|Any CPU
		{64E8D476-2641-4C74-8001-9C61C43081E5}.Debug|x64.Build.0 = Debug|Any CPU
		{64E8D476-2641-4C74-8001-9C61C43081E5}.Debug|x86.ActiveCfg = Debug|Any CPU
		{64E8D476-2641-4C74-8001-9C61C43081E5}.Debug|x86.Build.0 = Debug|Any CPU
		{64E8D476-2641-4C74-8001-9C61C43081E5}.Release|Any CPU.ActiveCfg = Release|Any CPU
		{64E8D476-2641-4C74-8001-9C61C43081E5}.Release|Any CPU.Build.0 = Release|Any CPU
		{64E8D476-2641-4C74-8001-9C61C43081E5}.Release|ARM64.ActiveCfg = Release|Any CPU
		{64E8D476-2641-4C74-8001-9C61C43081E5}.Release|ARM64.Build.0 = Release|Any CPU
		{64E8D476-2641-4C74-8001-9C61C43081E5}.Release|x64.ActiveCfg = Release|Any CPU
		{64E8D476-2641-4C74-8001-9C61C43081E5}.Release|x64.Build.0 = Release|Any CPU
		{64E8D476-2641-4C74-8001-9C61C43081E5}.Release|x86.ActiveCfg = Release|Any CPU
		{64E8D476-2641-4C74-8001-9C61C43081E5}.Release|x86.Build.0 = Release|Any CPU
		{B71FE5EC-2B07-4F0D-9788-71BC4A674636}.Debug|Any CPU.ActiveCfg = Debug|Any CPU
		{B71FE5EC-2B07-4F0D-9788-71BC4A674636}.Debug|Any CPU.Build.0 = Debug|Any CPU
		{B71FE5EC-2B07-4F0D-9788-71BC4A674636}.Debug|ARM64.ActiveCfg = Debug|Any CPU
		{B71FE5EC-2B07-4F0D-9788-71BC4A674636}.Debug|ARM64.Build.0 = Debug|Any CPU
		{B71FE5EC-2B07-4F0D-9788-71BC4A674636}.Debug|x64.ActiveCfg = Debug|Any CPU
		{B71FE5EC-2B07-4F0D-9788-71BC4A674636}.Debug|x64.Build.0 = Debug|Any CPU
		{B71FE5EC-2B07-4F0D-9788-71BC4A674636}.Debug|x86.ActiveCfg = Debug|Any CPU
		{B71FE5EC-2B07-4F0D-9788-71BC4A674636}.Debug|x86.Build.0 = Debug|Any CPU
		{B71FE5EC-2B07-4F0D-9788-71BC4A674636}.Release|Any CPU.ActiveCfg = Release|Any CPU
		{B71FE5EC-2B07-4F0D-9788-71BC4A674636}.Release|Any CPU.Build.0 = Release|Any CPU
		{B71FE5EC-2B07-4F0D-9788-71BC4A674636}.Release|ARM64.ActiveCfg = Release|Any CPU
		{B71FE5EC-2B07-4F0D-9788-71BC4A674636}.Release|ARM64.Build.0 = Release|Any CPU
		{B71FE5EC-2B07-4F0D-9788-71BC4A674636}.Release|x64.ActiveCfg = Release|Any CPU
		{B71FE5EC-2B07-4F0D-9788-71BC4A674636}.Release|x64.Build.0 = Release|Any CPU
		{B71FE5EC-2B07-4F0D-9788-71BC4A674636}.Release|x86.ActiveCfg = Release|Any CPU
		{B71FE5EC-2B07-4F0D-9788-71BC4A674636}.Release|x86.Build.0 = Release|Any CPU
		{F84D7DC2-1B0B-4A12-A2FC-716A4F526471}.Debug|Any CPU.ActiveCfg = Debug|Any CPU
		{F84D7DC2-1B0B-4A12-A2FC-716A4F526471}.Debug|Any CPU.Build.0 = Debug|Any CPU
		{F84D7DC2-1B0B-4A12-A2FC-716A4F526471}.Debug|ARM64.ActiveCfg = Debug|Any CPU
		{F84D7DC2-1B0B-4A12-A2FC-716A4F526471}.Debug|ARM64.Build.0 = Debug|Any CPU
		{F84D7DC2-1B0B-4A12-A2FC-716A4F526471}.Debug|x64.ActiveCfg = Debug|Any CPU
		{F84D7DC2-1B0B-4A12-A2FC-716A4F526471}.Debug|x64.Build.0 = Debug|Any CPU
		{F84D7DC2-1B0B-4A12-A2FC-716A4F526471}.Debug|x86.ActiveCfg = Debug|Any CPU
		{F84D7DC2-1B0B-4A12-A2FC-716A4F526471}.Debug|x86.Build.0 = Debug|Any CPU
		{F84D7DC2-1B0B-4A12-A2FC-716A4F526471}.Release|Any CPU.ActiveCfg = Release|Any CPU
		{F84D7DC2-1B0B-4A12-A2FC-716A4F526471}.Release|Any CPU.Build.0 = Release|Any CPU
		{F84D7DC2-1B0B-4A12-A2FC-716A4F526471}.Release|ARM64.ActiveCfg = Release|Any CPU
		{F84D7DC2-1B0B-4A12-A2FC-716A4F526471}.Release|ARM64.Build.0 = Release|Any CPU
		{F84D7DC2-1B0B-4A12-A2FC-716A4F526471}.Release|x64.ActiveCfg = Release|Any CPU
		{F84D7DC2-1B0B-4A12-A2FC-716A4F526471}.Release|x64.Build.0 = Release|Any CPU
		{F84D7DC2-1B0B-4A12-A2FC-716A4F526471}.Release|x86.ActiveCfg = Release|Any CPU
		{F84D7DC2-1B0B-4A12-A2FC-716A4F526471}.Release|x86.Build.0 = Release|Any CPU
		{1A7D3735-548A-44C7-BC2B-65928DF257D7}.Debug|Any CPU.ActiveCfg = Debug|Any CPU
		{1A7D3735-548A-44C7-BC2B-65928DF257D7}.Debug|Any CPU.Build.0 = Debug|Any CPU
		{1A7D3735-548A-44C7-BC2B-65928DF257D7}.Debug|ARM64.ActiveCfg = Debug|Any CPU
		{1A7D3735-548A-44C7-BC2B-65928DF257D7}.Debug|ARM64.Build.0 = Debug|Any CPU
		{1A7D3735-548A-44C7-BC2B-65928DF257D7}.Debug|x64.ActiveCfg = Debug|Any CPU
		{1A7D3735-548A-44C7-BC2B-65928DF257D7}.Debug|x64.Build.0 = Debug|Any CPU
		{1A7D3735-548A-44C7-BC2B-65928DF257D7}.Debug|x86.ActiveCfg = Debug|Any CPU
		{1A7D3735-548A-44C7-BC2B-65928DF257D7}.Debug|x86.Build.0 = Debug|Any CPU
		{1A7D3735-548A-44C7-BC2B-65928DF257D7}.Release|Any CPU.ActiveCfg = Release|Any CPU
		{1A7D3735-548A-44C7-BC2B-65928DF257D7}.Release|Any CPU.Build.0 = Release|Any CPU
		{1A7D3735-548A-44C7-BC2B-65928DF257D7}.Release|ARM64.ActiveCfg = Release|Any CPU
		{1A7D3735-548A-44C7-BC2B-65928DF257D7}.Release|ARM64.Build.0 = Release|Any CPU
		{1A7D3735-548A-44C7-BC2B-65928DF257D7}.Release|x64.ActiveCfg = Release|Any CPU
		{1A7D3735-548A-44C7-BC2B-65928DF257D7}.Release|x64.Build.0 = Release|Any CPU
		{1A7D3735-548A-44C7-BC2B-65928DF257D7}.Release|x86.ActiveCfg = Release|Any CPU
		{1A7D3735-548A-44C7-BC2B-65928DF257D7}.Release|x86.Build.0 = Release|Any CPU
		{656D7F93-0133-4DB3-A164-AA792FC3CADB}.Debug|Any CPU.ActiveCfg = Debug|Any CPU
		{656D7F93-0133-4DB3-A164-AA792FC3CADB}.Debug|Any CPU.Build.0 = Debug|Any CPU
		{656D7F93-0133-4DB3-A164-AA792FC3CADB}.Debug|ARM64.ActiveCfg = Debug|Any CPU
		{656D7F93-0133-4DB3-A164-AA792FC3CADB}.Debug|ARM64.Build.0 = Debug|Any CPU
		{656D7F93-0133-4DB3-A164-AA792FC3CADB}.Debug|x64.ActiveCfg = Debug|Any CPU
		{656D7F93-0133-4DB3-A164-AA792FC3CADB}.Debug|x64.Build.0 = Debug|Any CPU
		{656D7F93-0133-4DB3-A164-AA792FC3CADB}.Debug|x86.ActiveCfg = Debug|Any CPU
		{656D7F93-0133-4DB3-A164-AA792FC3CADB}.Debug|x86.Build.0 = Debug|Any CPU
		{656D7F93-0133-4DB3-A164-AA792FC3CADB}.Release|Any CPU.ActiveCfg = Release|Any CPU
		{656D7F93-0133-4DB3-A164-AA792FC3CADB}.Release|Any CPU.Build.0 = Release|Any CPU
		{656D7F93-0133-4DB3-A164-AA792FC3CADB}.Release|ARM64.ActiveCfg = Release|Any CPU
		{656D7F93-0133-4DB3-A164-AA792FC3CADB}.Release|ARM64.Build.0 = Release|Any CPU
		{656D7F93-0133-4DB3-A164-AA792FC3CADB}.Release|x64.ActiveCfg = Release|Any CPU
		{656D7F93-0133-4DB3-A164-AA792FC3CADB}.Release|x64.Build.0 = Release|Any CPU
		{656D7F93-0133-4DB3-A164-AA792FC3CADB}.Release|x86.ActiveCfg = Release|Any CPU
		{656D7F93-0133-4DB3-A164-AA792FC3CADB}.Release|x86.Build.0 = Release|Any CPU
		{A63FD505-4E7C-4FA7-9921-D4801CEC4A65}.Debug|Any CPU.ActiveCfg = Debug|Any CPU
		{A63FD505-4E7C-4FA7-9921-D4801CEC4A65}.Debug|Any CPU.Build.0 = Debug|Any CPU
		{A63FD505-4E7C-4FA7-9921-D4801CEC4A65}.Debug|ARM64.ActiveCfg = Debug|Any CPU
		{A63FD505-4E7C-4FA7-9921-D4801CEC4A65}.Debug|ARM64.Build.0 = Debug|Any CPU
		{A63FD505-4E7C-4FA7-9921-D4801CEC4A65}.Debug|x64.ActiveCfg = Debug|Any CPU
		{A63FD505-4E7C-4FA7-9921-D4801CEC4A65}.Debug|x64.Build.0 = Debug|Any CPU
		{A63FD505-4E7C-4FA7-9921-D4801CEC4A65}.Debug|x86.ActiveCfg = Debug|Any CPU
		{A63FD505-4E7C-4FA7-9921-D4801CEC4A65}.Debug|x86.Build.0 = Debug|Any CPU
		{A63FD505-4E7C-4FA7-9921-D4801CEC4A65}.Release|Any CPU.ActiveCfg = Release|Any CPU
		{A63FD505-4E7C-4FA7-9921-D4801CEC4A65}.Release|Any CPU.Build.0 = Release|Any CPU
		{A63FD505-4E7C-4FA7-9921-D4801CEC4A65}.Release|ARM64.ActiveCfg = Release|Any CPU
		{A63FD505-4E7C-4FA7-9921-D4801CEC4A65}.Release|ARM64.Build.0 = Release|Any CPU
		{A63FD505-4E7C-4FA7-9921-D4801CEC4A65}.Release|x64.ActiveCfg = Release|Any CPU
		{A63FD505-4E7C-4FA7-9921-D4801CEC4A65}.Release|x64.Build.0 = Release|Any CPU
		{A63FD505-4E7C-4FA7-9921-D4801CEC4A65}.Release|x86.ActiveCfg = Release|Any CPU
		{A63FD505-4E7C-4FA7-9921-D4801CEC4A65}.Release|x86.Build.0 = Release|Any CPU
		{2BE391D1-2AD1-4D27-88F6-690669DAD648}.Debug|Any CPU.ActiveCfg = Debug|Any CPU
		{2BE391D1-2AD1-4D27-88F6-690669DAD648}.Debug|Any CPU.Build.0 = Debug|Any CPU
		{2BE391D1-2AD1-4D27-88F6-690669DAD648}.Debug|ARM64.ActiveCfg = Debug|Any CPU
		{2BE391D1-2AD1-4D27-88F6-690669DAD648}.Debug|ARM64.Build.0 = Debug|Any CPU
		{2BE391D1-2AD1-4D27-88F6-690669DAD648}.Debug|x64.ActiveCfg = Debug|Any CPU
		{2BE391D1-2AD1-4D27-88F6-690669DAD648}.Debug|x64.Build.0 = Debug|Any CPU
		{2BE391D1-2AD1-4D27-88F6-690669DAD648}.Debug|x86.ActiveCfg = Debug|Any CPU
		{2BE391D1-2AD1-4D27-88F6-690669DAD648}.Debug|x86.Build.0 = Debug|Any CPU
		{2BE391D1-2AD1-4D27-88F6-690669DAD648}.Release|Any CPU.ActiveCfg = Release|Any CPU
		{2BE391D1-2AD1-4D27-88F6-690669DAD648}.Release|Any CPU.Build.0 = Release|Any CPU
		{2BE391D1-2AD1-4D27-88F6-690669DAD648}.Release|ARM64.ActiveCfg = Release|Any CPU
		{2BE391D1-2AD1-4D27-88F6-690669DAD648}.Release|ARM64.Build.0 = Release|Any CPU
		{2BE391D1-2AD1-4D27-88F6-690669DAD648}.Release|x64.ActiveCfg = Release|Any CPU
		{2BE391D1-2AD1-4D27-88F6-690669DAD648}.Release|x64.Build.0 = Release|Any CPU
		{2BE391D1-2AD1-4D27-88F6-690669DAD648}.Release|x86.ActiveCfg = Release|Any CPU
		{2BE391D1-2AD1-4D27-88F6-690669DAD648}.Release|x86.Build.0 = Release|Any CPU
		{B16EE7C8-E653-4CCB-8B30-984052E82FC6}.Debug|Any CPU.ActiveCfg = Debug|Any CPU
		{B16EE7C8-E653-4CCB-8B30-984052E82FC6}.Debug|Any CPU.Build.0 = Debug|Any CPU
		{B16EE7C8-E653-4CCB-8B30-984052E82FC6}.Debug|ARM64.ActiveCfg = Debug|Any CPU
		{B16EE7C8-E653-4CCB-8B30-984052E82FC6}.Debug|ARM64.Build.0 = Debug|Any CPU
		{B16EE7C8-E653-4CCB-8B30-984052E82FC6}.Debug|x64.ActiveCfg = Debug|Any CPU
		{B16EE7C8-E653-4CCB-8B30-984052E82FC6}.Debug|x64.Build.0 = Debug|Any CPU
		{B16EE7C8-E653-4CCB-8B30-984052E82FC6}.Debug|x86.ActiveCfg = Debug|Any CPU
		{B16EE7C8-E653-4CCB-8B30-984052E82FC6}.Debug|x86.Build.0 = Debug|Any CPU
		{B16EE7C8-E653-4CCB-8B30-984052E82FC6}.Release|Any CPU.ActiveCfg = Release|Any CPU
		{B16EE7C8-E653-4CCB-8B30-984052E82FC6}.Release|Any CPU.Build.0 = Release|Any CPU
		{B16EE7C8-E653-4CCB-8B30-984052E82FC6}.Release|ARM64.ActiveCfg = Release|Any CPU
		{B16EE7C8-E653-4CCB-8B30-984052E82FC6}.Release|ARM64.Build.0 = Release|Any CPU
		{B16EE7C8-E653-4CCB-8B30-984052E82FC6}.Release|x64.ActiveCfg = Release|Any CPU
		{B16EE7C8-E653-4CCB-8B30-984052E82FC6}.Release|x64.Build.0 = Release|Any CPU
		{B16EE7C8-E653-4CCB-8B30-984052E82FC6}.Release|x86.ActiveCfg = Release|Any CPU
		{B16EE7C8-E653-4CCB-8B30-984052E82FC6}.Release|x86.Build.0 = Release|Any CPU
		{8531D705-71DA-474A-A391-31EAE35D55B4}.Debug|Any CPU.ActiveCfg = Debug|Any CPU
		{8531D705-71DA-474A-A391-31EAE35D55B4}.Debug|Any CPU.Build.0 = Debug|Any CPU
		{8531D705-71DA-474A-A391-31EAE35D55B4}.Debug|ARM64.ActiveCfg = Debug|Any CPU
		{8531D705-71DA-474A-A391-31EAE35D55B4}.Debug|ARM64.Build.0 = Debug|Any CPU
		{8531D705-71DA-474A-A391-31EAE35D55B4}.Debug|x64.ActiveCfg = Debug|Any CPU
		{8531D705-71DA-474A-A391-31EAE35D55B4}.Debug|x64.Build.0 = Debug|Any CPU
		{8531D705-71DA-474A-A391-31EAE35D55B4}.Debug|x86.ActiveCfg = Debug|Any CPU
		{8531D705-71DA-474A-A391-31EAE35D55B4}.Debug|x86.Build.0 = Debug|Any CPU
		{8531D705-71DA-474A-A391-31EAE35D55B4}.Release|Any CPU.ActiveCfg = Release|Any CPU
		{8531D705-71DA-474A-A391-31EAE35D55B4}.Release|Any CPU.Build.0 = Release|Any CPU
		{8531D705-71DA-474A-A391-31EAE35D55B4}.Release|ARM64.ActiveCfg = Release|Any CPU
		{8531D705-71DA-474A-A391-31EAE35D55B4}.Release|ARM64.Build.0 = Release|Any CPU
		{8531D705-71DA-474A-A391-31EAE35D55B4}.Release|x64.ActiveCfg = Release|Any CPU
		{8531D705-71DA-474A-A391-31EAE35D55B4}.Release|x64.Build.0 = Release|Any CPU
		{8531D705-71DA-474A-A391-31EAE35D55B4}.Release|x86.ActiveCfg = Release|Any CPU
		{8531D705-71DA-474A-A391-31EAE35D55B4}.Release|x86.Build.0 = Release|Any CPU
		{3186AC6B-A5DD-475A-BCC2-220522D55C14}.Debug|Any CPU.ActiveCfg = Debug|Any CPU
		{3186AC6B-A5DD-475A-BCC2-220522D55C14}.Debug|Any CPU.Build.0 = Debug|Any CPU
		{3186AC6B-A5DD-475A-BCC2-220522D55C14}.Debug|ARM64.ActiveCfg = Debug|Any CPU
		{3186AC6B-A5DD-475A-BCC2-220522D55C14}.Debug|ARM64.Build.0 = Debug|Any CPU
		{3186AC6B-A5DD-475A-BCC2-220522D55C14}.Debug|x64.ActiveCfg = Debug|Any CPU
		{3186AC6B-A5DD-475A-BCC2-220522D55C14}.Debug|x64.Build.0 = Debug|Any CPU
		{3186AC6B-A5DD-475A-BCC2-220522D55C14}.Debug|x86.ActiveCfg = Debug|Any CPU
		{3186AC6B-A5DD-475A-BCC2-220522D55C14}.Debug|x86.Build.0 = Debug|Any CPU
		{3186AC6B-A5DD-475A-BCC2-220522D55C14}.Release|Any CPU.ActiveCfg = Release|Any CPU
		{3186AC6B-A5DD-475A-BCC2-220522D55C14}.Release|Any CPU.Build.0 = Release|Any CPU
		{3186AC6B-A5DD-475A-BCC2-220522D55C14}.Release|ARM64.ActiveCfg = Release|Any CPU
		{3186AC6B-A5DD-475A-BCC2-220522D55C14}.Release|ARM64.Build.0 = Release|Any CPU
		{3186AC6B-A5DD-475A-BCC2-220522D55C14}.Release|x64.ActiveCfg = Release|Any CPU
		{3186AC6B-A5DD-475A-BCC2-220522D55C14}.Release|x64.Build.0 = Release|Any CPU
		{3186AC6B-A5DD-475A-BCC2-220522D55C14}.Release|x86.ActiveCfg = Release|Any CPU
		{3186AC6B-A5DD-475A-BCC2-220522D55C14}.Release|x86.Build.0 = Release|Any CPU
		{BEC7CA33-0741-4388-B7AB-42F36E087067}.Debug|Any CPU.ActiveCfg = Debug|Any CPU
		{BEC7CA33-0741-4388-B7AB-42F36E087067}.Debug|Any CPU.Build.0 = Debug|Any CPU
		{BEC7CA33-0741-4388-B7AB-42F36E087067}.Debug|ARM64.ActiveCfg = Debug|Any CPU
		{BEC7CA33-0741-4388-B7AB-42F36E087067}.Debug|ARM64.Build.0 = Debug|Any CPU
		{BEC7CA33-0741-4388-B7AB-42F36E087067}.Debug|x64.ActiveCfg = Debug|Any CPU
		{BEC7CA33-0741-4388-B7AB-42F36E087067}.Debug|x64.Build.0 = Debug|Any CPU
		{BEC7CA33-0741-4388-B7AB-42F36E087067}.Debug|x86.ActiveCfg = Debug|Any CPU
		{BEC7CA33-0741-4388-B7AB-42F36E087067}.Debug|x86.Build.0 = Debug|Any CPU
		{BEC7CA33-0741-4388-B7AB-42F36E087067}.Release|Any CPU.ActiveCfg = Release|Any CPU
		{BEC7CA33-0741-4388-B7AB-42F36E087067}.Release|Any CPU.Build.0 = Release|Any CPU
		{BEC7CA33-0741-4388-B7AB-42F36E087067}.Release|ARM64.ActiveCfg = Release|Any CPU
		{BEC7CA33-0741-4388-B7AB-42F36E087067}.Release|ARM64.Build.0 = Release|Any CPU
		{BEC7CA33-0741-4388-B7AB-42F36E087067}.Release|x64.ActiveCfg = Release|Any CPU
		{BEC7CA33-0741-4388-B7AB-42F36E087067}.Release|x64.Build.0 = Release|Any CPU
		{BEC7CA33-0741-4388-B7AB-42F36E087067}.Release|x86.ActiveCfg = Release|Any CPU
		{BEC7CA33-0741-4388-B7AB-42F36E087067}.Release|x86.Build.0 = Release|Any CPU
		{A21EC484-0F5F-466B-AAFE-D162FD03CD02}.Debug|Any CPU.ActiveCfg = Debug|Any CPU
		{A21EC484-0F5F-466B-AAFE-D162FD03CD02}.Debug|Any CPU.Build.0 = Debug|Any CPU
		{A21EC484-0F5F-466B-AAFE-D162FD03CD02}.Debug|ARM64.ActiveCfg = Debug|Any CPU
		{A21EC484-0F5F-466B-AAFE-D162FD03CD02}.Debug|ARM64.Build.0 = Debug|Any CPU
		{A21EC484-0F5F-466B-AAFE-D162FD03CD02}.Debug|x64.ActiveCfg = Debug|Any CPU
		{A21EC484-0F5F-466B-AAFE-D162FD03CD02}.Debug|x64.Build.0 = Debug|Any CPU
		{A21EC484-0F5F-466B-AAFE-D162FD03CD02}.Debug|x86.ActiveCfg = Debug|Any CPU
		{A21EC484-0F5F-466B-AAFE-D162FD03CD02}.Debug|x86.Build.0 = Debug|Any CPU
		{A21EC484-0F5F-466B-AAFE-D162FD03CD02}.Release|Any CPU.ActiveCfg = Release|Any CPU
		{A21EC484-0F5F-466B-AAFE-D162FD03CD02}.Release|Any CPU.Build.0 = Release|Any CPU
		{A21EC484-0F5F-466B-AAFE-D162FD03CD02}.Release|ARM64.ActiveCfg = Release|Any CPU
		{A21EC484-0F5F-466B-AAFE-D162FD03CD02}.Release|ARM64.Build.0 = Release|Any CPU
		{A21EC484-0F5F-466B-AAFE-D162FD03CD02}.Release|x64.ActiveCfg = Release|Any CPU
		{A21EC484-0F5F-466B-AAFE-D162FD03CD02}.Release|x64.Build.0 = Release|Any CPU
		{A21EC484-0F5F-466B-AAFE-D162FD03CD02}.Release|x86.ActiveCfg = Release|Any CPU
		{A21EC484-0F5F-466B-AAFE-D162FD03CD02}.Release|x86.Build.0 = Release|Any CPU
		{DE3C989F-9CCE-415C-B590-5D330B6B9503}.Debug|Any CPU.ActiveCfg = Debug|Any CPU
		{DE3C989F-9CCE-415C-B590-5D330B6B9503}.Debug|Any CPU.Build.0 = Debug|Any CPU
		{DE3C989F-9CCE-415C-B590-5D330B6B9503}.Debug|ARM64.ActiveCfg = Debug|Any CPU
		{DE3C989F-9CCE-415C-B590-5D330B6B9503}.Debug|ARM64.Build.0 = Debug|Any CPU
		{DE3C989F-9CCE-415C-B590-5D330B6B9503}.Debug|x64.ActiveCfg = Debug|Any CPU
		{DE3C989F-9CCE-415C-B590-5D330B6B9503}.Debug|x64.Build.0 = Debug|Any CPU
		{DE3C989F-9CCE-415C-B590-5D330B6B9503}.Debug|x86.ActiveCfg = Debug|Any CPU
		{DE3C989F-9CCE-415C-B590-5D330B6B9503}.Debug|x86.Build.0 = Debug|Any CPU
		{DE3C989F-9CCE-415C-B590-5D330B6B9503}.Release|Any CPU.ActiveCfg = Release|Any CPU
		{DE3C989F-9CCE-415C-B590-5D330B6B9503}.Release|Any CPU.Build.0 = Release|Any CPU
		{DE3C989F-9CCE-415C-B590-5D330B6B9503}.Release|ARM64.ActiveCfg = Release|Any CPU
		{DE3C989F-9CCE-415C-B590-5D330B6B9503}.Release|ARM64.Build.0 = Release|Any CPU
		{DE3C989F-9CCE-415C-B590-5D330B6B9503}.Release|x64.ActiveCfg = Release|Any CPU
		{DE3C989F-9CCE-415C-B590-5D330B6B9503}.Release|x64.Build.0 = Release|Any CPU
		{DE3C989F-9CCE-415C-B590-5D330B6B9503}.Release|x86.ActiveCfg = Release|Any CPU
		{DE3C989F-9CCE-415C-B590-5D330B6B9503}.Release|x86.Build.0 = Release|Any CPU
	EndGlobalSection
	GlobalSection(SolutionProperties) = preSolution
		HideSolutionNode = FALSE
	EndGlobalSection
	GlobalSection(NestedProjects) = preSolution
		{597C9389-148E-4C6D-AD77-3F852FD6D470} = {827E0CD3-B72D-47B6-A68D-7590B98EB39B}
		{3FFBAAC6-D71D-47B5-85CA-18C8E8DE68A8} = {827E0CD3-B72D-47B6-A68D-7590B98EB39B}
		{CBB99FC2-386D-4FA1-864E-2D402B7B9964} = {827E0CD3-B72D-47B6-A68D-7590B98EB39B}
		{A3E2CF5B-2E2B-4622-A3BB-E49F8F80A413} = {0AB3BF05-4346-4AA6-1389-037BE0695223}
		{0B15916D-358A-4AD6-AEB7-B4406AFCE085} = {0AB3BF05-4346-4AA6-1389-037BE0695223}
		{D503C9A5-B201-4ECF-A844-C60F61E6AC0F} = {827E0CD3-B72D-47B6-A68D-7590B98EB39B}
		{64E8D476-2641-4C74-8001-9C61C43081E5} = {0AB3BF05-4346-4AA6-1389-037BE0695223}
		{B71FE5EC-2B07-4F0D-9788-71BC4A674636} = {0AB3BF05-4346-4AA6-1389-037BE0695223}
		{F84D7DC2-1B0B-4A12-A2FC-716A4F526471} = {827E0CD3-B72D-47B6-A68D-7590B98EB39B}
		{1A7D3735-548A-44C7-BC2B-65928DF257D7} = {0AB3BF05-4346-4AA6-1389-037BE0695223}
		{656D7F93-0133-4DB3-A164-AA792FC3CADB} = {0AB3BF05-4346-4AA6-1389-037BE0695223}
		{A63FD505-4E7C-4FA7-9921-D4801CEC4A65} = {827E0CD3-B72D-47B6-A68D-7590B98EB39B}
		{2BE391D1-2AD1-4D27-88F6-690669DAD648} = {827E0CD3-B72D-47B6-A68D-7590B98EB39B}
		{B16EE7C8-E653-4CCB-8B30-984052E82FC6} = {827E0CD3-B72D-47B6-A68D-7590B98EB39B}
		{8531D705-71DA-474A-A391-31EAE35D55B4} = {0AB3BF05-4346-4AA6-1389-037BE0695223}
		{3186AC6B-A5DD-475A-BCC2-220522D55C14} = {07C2787E-EAC7-C090-1BA3-A61EC2A24D84}
		{BEC7CA33-0741-4388-B7AB-42F36E087067} = {0AB3BF05-4346-4AA6-1389-037BE0695223}
		{A21EC484-0F5F-466B-AAFE-D162FD03CD02} = {07C2787E-EAC7-C090-1BA3-A61EC2A24D84}
		{DE3C989F-9CCE-415C-B590-5D330B6B9503} = {0AB3BF05-4346-4AA6-1389-037BE0695223}
	EndGlobalSection
EndGlobal
